
Microsoft Visual Studio Solution File, Format Version 12.00
# Visual Studio Version 17
VisualStudioVersion = 17.0.31903.59
MinimumVisualStudioVersion = 10.0.40219.1
Project("{9A19103F-16F7-4668-BE54-9A1E7A4F7556}") = "PharmacyManagement.Application", "PharmacyManagement.Application\PharmacyManagement.Application.csproj", "{1E2A6A82-E791-4CC6-A1A3-1BACD457F981}"
EndProject
Project("{9A19103F-16F7-4668-BE54-9A1E7A4F7556}") = "PharmacyManagement.Test", "PharmacyManagement.Test\PharmacyManagement.Test.csproj", "{97676DA2-84B2-460E-9630-4A76BC763392}"
EndProject
Global
	GlobalSection(SolutionConfigurationPlatforms) = preSolution
		Debug|Any CPU = Debug|Any CPU
		Release|Any CPU = Release|Any CPU
	EndGlobalSection
	GlobalSection(ProjectConfigurationPlatforms) = postSolution
		{1E2A6A82-E791-4CC6-A1A3-1BACD457F981}.Debug|Any CPU.ActiveCfg = Debug|Any CPU
		{1E2A6A82-E791-4CC6-A1A3-1BACD457F981}.Debug|Any CPU.Build.0 = Debug|Any CPU
		{1E2A6A82-E791-4CC6-A1A3-1BACD457F981}.Release|Any CPU.ActiveCfg = Release|Any CPU
		{1E2A6A82-E791-4CC6-A1A3-1BACD457F981}.Release|Any CPU.Build.0 = Release|Any CPU
		{97676DA2-84B2-460E-9630-4A76BC763392}.Debug|Any CPU.ActiveCfg = Debug|Any CPU
		{97676DA2-84B2-460E-9630-4A76BC763392}.Debug|Any CPU.Build.0 = Debug|Any CPU
		{97676DA2-84B2-460E-9630-4A76BC763392}.Release|Any CPU.ActiveCfg = Release|Any CPU
		{97676DA2-84B2-460E-9630-4A76BC763392}.Release|Any CPU.Build.0 = Release|Any CPU
	EndGlobalSection
	GlobalSection(SolutionProperties) = preSolution
		HideSolutionNode = FALSE
	EndGlobalSection
	GlobalSection(ExtensibilityGlobals) = postSolution
		SolutionGuid = {8DB4EA75-A540-4CD9-B84D-E1A4B0AA77E8}
	EndGlobalSection
EndGlobal
